#MicroXplorer Configuration settings - do not modify
SH.FMC_D7_DA7.0=FMC_D7,sd-16b-d1
SH.FMC_D0_DA0.ConfNb=1
RCC.USART1Freq_Value=108000000
USART2.IPParameters=VirtualMode-Asynchronous
SH.FMC_A8.ConfNb=1
SH.FMC_A4.ConfNb=1
SPI3.Direction=SPI_DIRECTION_2LINES
SH.FMC_A0.ConfNb=1
SH.FMC_D6_DA6.ConfNb=1
SPI3.VirtualType=VM_MASTER
SH.FMC_D9_DA9.ConfNb=1
FMC.RCDDelay1=2
SH.FMC_A0.0=FMC_A0,12b-sda1
SPI1.VirtualType=VM_MASTER
SPI2.VirtualType=VM_MASTER
PB10.Mode=Asynchronous
PG4.Signal=FMC_A14_BA0
PG8.Signal=FMC_SDCLK
RCC.PLLCLKFreq_Value=216000000
RCC.PLLQCLKFreq_Value=48000000
PG0.Signal=FMC_A10
FMC.LoadToActiveDelay1=2
SH.FMC_SDNWE.ConfNb=1
USART1.IPParameters=VirtualMode-Asynchronous
SH.FMC_D5_DA5.0=FMC_D5,sd-16b-d1
PB13.Signal=SPI2_SCK
PinOutPanel.RotationAngle=0
RCC.SYSCLKSource=RCC_SYSCLKSOURCE_PLLCLK
SH.FMC_A15_BA1.0=FMC_BA1,FourSdramBanks1
SH.FMC_D9_DA9.0=FMC_D9,sd-16b-d1
USART3.VirtualMode-Asynchronous=VM_ASYNC
RCC.LPTIM1Freq_Value=54000000
NVIC.SVCall_IRQn=true\:0\:0\:false\:false\:false\:false\:false\:false
PA4.Mode=Slave_8_bits_External_Synchro
SH.FMC_SDNWE.0=FMC_SDNWE,12b-sda1
I2C4.Timing=0x20404768
SPI1.Direction=SPI_DIRECTION_2LINES
SH.FMC_D11_DA11.0=FMC_D11,sd-16b-d1
RCC.I2C4Freq_Value=54000000
RCC.APB2TimFreq_Value=216000000
PB6.Signal=USART1_TX
SH.FMC_D10_DA10.ConfNb=1
PC7.Signal=DCMI_D1
PH1/OSC_OUT.Signal=RCC_OSC_OUT
PB6.Mode=Asynchronous
SPI1.CalculateBaudRate=54.0 MBits/s
PC3.Signal=FMC_SDCKE0
PD0.Signal=FMC_D2_DA2
RCC.SAI2Freq_Value=96000000
PD8.Signal=FMC_D13_DA13
VP_TIM2_VS_ClockSourceINT.Signal=TIM2_VS_ClockSourceINT
PE5.Signal=DCMI_D6
RCC.USART3Freq_Value=54000000
RCC.PLLSAIRCLKFreq_Value=96000000
ProjectManager.ProjectBuild=false
NVIC.UsageFault_IRQn=true\:0\:0\:false\:false\:true\:false\:false\:false
PB2.Signal=SPI3_MOSI
FMC.SelfRefreshTime1=4
ProjectManager.FirmwarePackage=STM32Cube FW_F7 V1.16.1
MxDb.Version=DB.6.0.21
ProjectManager.BackupPrevious=false
PE9.Signal=FMC_D6_DA6
SH.FMC_A2.0=FMC_A2,12b-sda1
SH.FMC_D15_DA15.ConfNb=1
PC9.Mode=I2C
SPI2.CalculateBaudRate=27.0 MBits/s
PA8.Signal=I2C3_SCL
SH.FMC_D1_DA1.0=FMC_D1,sd-16b-d1
NVIC.PendSV_IRQn=true\:15\:0\:false\:false\:false\:true\:false\:false
PF3.Signal=FMC_A3
PD3.Mode=Slave_8_bits_External_Synchro
PE10.Signal=FMC_D7_DA7
ProjectManager.HalAssertFull=false
RCC.MCO2PinFreq_Value=216000000
Mcu.Package=LQFP144
PB9.Signal=I2C1_SDA
NVIC.TimeBase=TIM1_UP_TIM10_IRQn
SPI2.Mode=SPI_MODE_MASTER
SPI3.Mode=SPI_MODE_MASTER
PD12.Signal=I2C4_SCL
SH.FMC_SDNCAS.ConfNb=1
VP_FATFS_VS_FMC_SDRAM.Signal=FATFS_VS_FMC_SDRAM
SH.FMC_A11.ConfNb=1
NVIC.TimeBaseIP=TIM1
USART3.IPParameters=VirtualMode-Asynchronous
PA10.Signal=USB_OTG_FS_ID
FMC.WriteRecoveryTime1=2
PC11.Mode=Full_Duplex_Master
SH.FMC_A1.0=FMC_A1,12b-sda1
RCC.APB2CLKDivider=RCC_HCLK_DIV2
SH.FMC_SDCLK.0=FMC_SDCLK,12b-sda1
RCC.CECFreq_Value=32786.88524590164
PF14.Signal=FMC_A8
RCC.APB1TimFreq_Value=108000000
NVIC.BusFault_IRQn=true\:0\:0\:false\:false\:true\:false\:false\:false
FMC.RowCycleDelay2=6
FMC.RowCycleDelay1=6
PB13.Mode=Full_Duplex_Master
VP_LIBJPEG_VS_JPEGLIB.Mode=Enabled
PD15.Signal=FMC_D1_DA1
SH.FMC_D3_DA3.0=FMC_D3,sd-16b-d1
ProjectManager.CustomerFirmwarePackage=
PC4.Mode=SdramChipSelect1_1
RCC.PLLSAIQCLKFreq_Value=96000000
SH.FMC_D3_DA3.ConfNb=1
PA5.Mode=Full_Duplex_Master
Mcu.Pin80=VP_SYS_VS_tim1
Mcu.Pin81=VP_TIM2_VS_ClockSourceINT
SH.FMC_A4.0=FMC_A4,12b-sda1
SH.FMC_A7.ConfNb=1
RCC.PLLQoutputFreq_Value=48000000
ProjectManager.ProjectFileName=DevBoard.ioc
SH.FMC_A5.ConfNb=1
SH.FMC_A1.ConfNb=1
FREERTOS.Tasks01=defaultTask,24,1280,StartDefaultTask,Default,NULL,Dynamic,NULL,NULL;myTask02,8,128,StartTask02,Default,NULL,Dynamic,NULL,NULL;myTask03,8,128,StartTask03,Default,NULL,Dynamic,NULL,NULL;myTask04,8,128,StartTask04,Default,NULL,Dynamic,NULL,NULL;myTask05,8,128,StartTask05,Default,NULL,Dynamic,NULL,NULL
Mcu.Pin79=VP_LIBJPEG_VS_JPEGLIB
Mcu.PinsNb=82
Mcu.Pin73=PB7
Mcu.Pin74=PB8
Mcu.Pin71=PB4
Mcu.Pin72=PB6
Mcu.Pin77=VP_FATFS_VS_Generic
Mcu.Pin78=VP_FREERTOS_VS_CMSIS_V2
PG5.Signal=FMC_A15_BA1
PG9.Signal=DCMI_VSYNC
Mcu.Pin75=PB9
SH.FMC_D10_DA10.0=FMC_D10,sd-16b-d1
Mcu.Pin76=VP_FATFS_VS_FMC_SDRAM
PD3.Signal=DCMI_D5
Mcu.Pin70=PG15
PG9.Mode=Slave_8_bits_External_Synchro
PC6.Signal=DCMI_D0
PC2.Signal=SPI2_MISO
PD1.Signal=FMC_D3_DA3
Mcu.Pin68=PG9
Mcu.Pin69=PG11
RCC.UART8Freq_Value=54000000
PC0.Signal=FMC_SDNWE
RCC.APB1CLKDivider=RCC_HCLK_DIV4
Mcu.Pin62=PA14
Mcu.Pin63=PC10
Mcu.Pin60=PA12
Mcu.Pin61=PA13
Mcu.Pin66=PD1
Mcu.Pin67=PD3
Mcu.Pin64=PC11
Mcu.Pin65=PD0
PD10.Signal=FMC_D15_DA15
PA3.Mode=Asynchronous
SH.FMC_A3.0=FMC_A3,12b-sda1
Mcu.Pin59=PA11
FMC.CASLatency1=FMC_SDRAM_CAS_LATENCY_1
Mcu.Pin57=PA9
Mcu.Pin58=PA10
PB11.Mode=Asynchronous
Mcu.Pin51=PG8
RCC.USART6Freq_Value=108000000
SH.FMC_D15_DA15.0=FMC_D15,sd-16b-d1
Mcu.Pin52=PC6
Mcu.Pin50=PG5
PC6.Mode=Slave_8_bits_External_Synchro
Mcu.Pin55=PC9
Mcu.Pin56=PA8
Mcu.Pin53=PC7
Mcu.Pin54=PC8
PA9.Signal=USB_OTG_FS_VBUS
I2C1.Timing=0x20404768
Mcu.Pin48=PD15
Mcu.Pin49=PG4
Mcu.Pin46=PD13
Mcu.Pin47=PD14
PB10.Signal=USART3_TX
PA5.Signal=SPI1_SCK
Mcu.Pin40=PB11
Mcu.Pin41=PB13
Mcu.Pin44=PD10
Mcu.Pin45=PD12
Mcu.Pin42=PD8
Mcu.Pin43=PD9
ProjectManager.LastFirmware=true
SH.FMC_A6.0=FMC_A6,12b-sda1
PE14.Signal=FMC_D11_DA11
PE6.Mode=Slave_8_bits_External_Synchro
PE15.Signal=FMC_D12_DA12
Mcu.Pin37=PE14
Mcu.Pin38=PE15
Mcu.Pin35=PE12
RCC.I2C1Freq_Value=54000000
PE8.Signal=FMC_D5_DA5
Mcu.Pin36=PE13
VP_SYS_VS_tim1.Signal=SYS_VS_tim1
RCC.PLLI2SPCLKFreq_Value=96000000
SPI1.Mode=SPI_MODE_MASTER
SH.FMC_D14_DA14.ConfNb=1
Mcu.Pin39=PB10
RCC.RNGFreq_Value=48000000
Mcu.Pin30=PE7
RCC.EthernetFreq_Value=216000000
Mcu.Pin33=PE10
Mcu.Pin34=PE11
Mcu.Pin31=PE8
Mcu.Pin32=PE9
NVIC.NonMaskableInt_IRQn=true\:0\:0\:false\:false\:true\:false\:false\:false
PF13.Signal=FMC_A7
PA13.Mode=Serial_Wire
SH.FMC_SDNCAS.0=FMC_SDNCAS,12b-sda1
ProjectManager.FreePins=false
RCC.PLLI2SQCLKFreq_Value=96000000
Mcu.Pin26=PF14
Mcu.Pin27=PF15
Mcu.Pin24=PF12
ProjectManager.UnderRoot=true
Mcu.Pin25=PF13
CORTEX_M7.IPParameters=CPU_ICache,CPU_DCache
Mcu.Pin28=PG0
PC8.Mode=Slave_8_bits_External_Synchro
Mcu.Pin29=PG1
SH.FMC_D7_DA7.ConfNb=1
PA4.Signal=DCMI_HSYNC
Mcu.Pin22=PB2
Mcu.Pin23=PF11
Mcu.Pin20=PA7
Mcu.Pin21=PC4
PD12.Mode=I2C
NVIC.ForceEnableDMAVector=true
NVIC.MemoryManagement_IRQn=true\:0\:0\:false\:false\:true\:false\:false\:false
SH.FMC_A10.ConfNb=1
ProjectManager.CompilerOptimize=6
SH.FMC_A5.0=FMC_A5,12b-sda1
PG11.Mode=Slave_8_bits_External_Synchro
PA11.Signal=USB_OTG_FS_DM
SH.FMC_SDNRAS.ConfNb=1
ProjectManager.HeapSize=0x2000
Mcu.Pin15=PA2
NVIC.HardFault_IRQn=true\:0\:0\:false\:false\:true\:false\:false\:false
Mcu.Pin16=PA3
Mcu.Pin13=PC2
Mcu.Pin14=PC3
Mcu.Pin19=PA6
NVIC.TIM1_UP_TIM10_IRQn=true\:0\:0\:false\:false\:true\:false\:false\:true
ProjectManager.ComputerToolchain=false
Mcu.Pin17=PA4
Mcu.Pin18=PA5
NVIC.PriorityGroup=NVIC_PRIORITYGROUP_4
Mcu.Pin11=PC0
Mcu.Pin12=PC1
PB8.Mode=I2C
Mcu.Pin10=PH1/OSC_OUT
PA8.Mode=I2C
PF4.Signal=FMC_A4
SH.FMC_D12_DA12.ConfNb=1
RCC.I2C2Freq_Value=54000000
PC1.Signal=SPI2_MOSI
PC1.Mode=Full_Duplex_Master
Mcu.Family=STM32F7
FMC.IPParameters=CASLatency1,LoadToActiveDelay1,ExitSelfRefreshDelay1,SelfRefreshTime1,RowCycleDelay1,RowCycleDelay2,WriteRecoveryTime1,RPDelay1,RPDelay2,RCDDelay1
PC3.Mode=SdramChipSelect1_1
ProjectManager.MainLocation=Core/Src
SH.FMC_A6.ConfNb=1
PA6.Mode=Slave_8_bits_External_Synchro
SH.FMC_A8.0=FMC_A8,12b-sda1
RCC.SAI1Freq_Value=96000000
RCC.CortexFreq_Value=216000000
SH.FMC_A2.ConfNb=1
ProjectManager.KeepUserCode=true
Mcu.UserName=STM32F746ZGTx
SH.FMC_D14_DA14.0=FMC_D14,sd-16b-d1
PC10.Signal=SPI3_SCK
ProjectManager.functionlistsort=1-MX_GPIO_Init-GPIO-false-HAL-true,2-SystemClock_Config-RCC-false-HAL-false,3-MX_USART1_UART_Init-USART1-false-HAL-true,4-MX_DCMI_Init-DCMI-false-HAL-true,5-MX_FMC_Init-FMC-false-HAL-true,6-MX_SPI1_Init-SPI1-false-HAL-true,7-MX_SPI2_Init-SPI2-false-HAL-true,8-MX_SPI3_Init-SPI3-false-HAL-true,9-MX_TIM2_Init-TIM2-false-HAL-true,10-MX_USART2_UART_Init-USART2-false-HAL-true,11-MX_USART3_UART_Init-USART3-false-HAL-true,12-MX_FATFS_Init-FATFS-false-HAL-false,13-MX_I2C1_Init-I2C1-false-HAL-true,14-MX_I2C3_Init-I2C3-false-HAL-true,15-MX_USB_OTG_FS_USB_Init-USB_OTG_FS-false-HAL-true,16-MX_I2C4_Init-I2C4-false-HAL-true,17-MX_LIBJPEG_Init-LIBJPEG-false-HAL-false,0-MX_CORTEX_M7_Init-CORTEX_M7-false-HAL-true
SH.FMC_D6_DA6.0=FMC_D6,sd-16b-d1
PA11.Mode=OTG/Dual_Role_Device
RCC.PLLI2SRCLKFreq_Value=96000000
RCC.USART2Freq_Value=54000000
SH.FMC_A14_BA0.0=FMC_BA0,FourSdramBanks1
SH.FMC_A11.0=FMC_A11,12b-sda1
PB11.Signal=USART3_RX
PG11.Signal=DCMI_D3
PG15.Signal=FMC_SDNCAS
ProjectManager.StackSize=0x4000
VP_FREERTOS_VS_CMSIS_V2.Mode=CMSIS_V2
RCC.I2C3Freq_Value=54000000
PD13.Signal=I2C4_SDA
Mcu.IP4=FREERTOS
Mcu.IP5=I2C1
RCC.FCLKCortexFreq_Value=216000000
I2C1.IPParameters=Timing
Mcu.IP2=FATFS
Mcu.IP3=FMC
Mcu.IP0=CORTEX_M7
SH.FMC_A7.0=FMC_A7,12b-sda1
Mcu.IP1=DCMI
PA12.Signal=USB_OTG_FS_DP
VP_FATFS_VS_FMC_SDRAM.Mode=FMC_SDRAM
Mcu.UserConstants=
RCC.SDMMCFreq_Value=216000000
Mcu.ThirdPartyNb=0
PH0/OSC_IN.Mode=HSE-External-Oscillator
RCC.HCLKFreq_Value=216000000
VP_LIBJPEG_VS_JPEGLIB.Signal=LIBJPEG_VS_JPEGLIB
Mcu.IPNb=20
RCC.PLLI2SRoutputFreq_Value=96000000
ProjectManager.PreviousToolchain=
RCC.SPDIFRXFreq_Value=96000000
PF12.Signal=FMC_A6
Mcu.Pin6=PF3
Mcu.Pin7=PF4
Mcu.Pin8=PF5
Mcu.Pin9=PH0/OSC_IN
RCC.VCOSAIOutputFreq_Value=192000000
FREERTOS.IPParameters=Tasks01
SH.FMC_A10.0=FMC_A10,12b-sda1
RCC.AHBFreq_Value=216000000
Mcu.Pin0=PE4
Mcu.Pin1=PE5
GPIO.groupedBy=Group By Peripherals
Mcu.Pin2=PE6
Mcu.Pin3=PF0
Mcu.Pin4=PF1
Mcu.Pin5=PF2
I2C3.IPParameters=Timing
RCC.HSE_VALUE=25000000
NVIC.DebugMonitor_IRQn=true\:0\:0\:false\:false\:true\:false\:false\:false
SH.FMC_A14_BA0.ConfNb=1
SH.FMC_D8_DA8.0=FMC_D8,sd-16b-d1
FMC.ExitSelfRefreshDelay1=6
FMC.RPDelay2=2
Mcu.IP10=RCC
USART2.VirtualMode-Asynchronous=VM_ASYNC
FMC.RPDelay1=2
NVIC.SysTick_IRQn=true\:15\:0\:false\:false\:false\:true\:false\:true
Mcu.IP12=SPI2
Mcu.IP11=SPI1
SH.FMC_D2_DA2.0=FMC_D2,sd-16b-d1
Mcu.IP18=USART3
Mcu.IP17=USART2
Mcu.IP19=USB_OTG_FS
Mcu.IP14=SYS
PB4.Mode=Full_Duplex_Master
Mcu.IP13=SPI3
PE13.Signal=FMC_D10_DA10
Mcu.IP16=USART1
Mcu.IP15=TIM2
RCC.VCOInputFreq_Value=1000000
PA14.Mode=Serial_Wire
VP_SYS_VS_tim1.Mode=TIM1
PF11.Signal=FMC_SDNRAS
File.Version=6
SH.FMC_D5_DA5.ConfNb=1
SH.FMC_D2_DA2.ConfNb=1
PB7.Signal=USART1_RX
PE4.Mode=Slave_8_bits_External_Synchro
SH.FMC_SDNRAS.0=FMC_SDNRAS,12b-sda1
PE4.Signal=DCMI_D4
PH1/OSC_OUT.Mode=HSE-External-Oscillator
ProjectManager.ProjectName=DevBoard
PA6.Signal=DCMI_PIXCLK
SH.FMC_D0_DA0.0=FMC_D0,sd-16b-d1
VP_FATFS_VS_Generic.Signal=FATFS_VS_Generic
SH.FMC_D4_DA4.ConfNb=1
ProjectManager.ToolChainLocation=
RCC.LSI_VALUE=32000
SH.FMC_A9.0=FMC_A9,12b-sda1
SH.FMC_D4_DA4.0=FMC_D4,sd-16b-d1
PF5.Signal=FMC_A5
I2C3.Timing=0x20404768
SPI3.IPParameters=VirtualType,Mode,Direction,CalculateBaudRate
SPI2.Direction=SPI_DIRECTION_2LINES
PF0.Signal=FMC_A0
PE7.Signal=FMC_D4_DA4
PB4.Signal=SPI1_MISO
PA3.Signal=USART2_RX
SH.FMC_A3.ConfNb=1
RCC.I2SFreq_Value=96000000
SH.FMC_A9.ConfNb=1
CORTEX_M7.CPU_ICache=Enabled
PA7.Mode=Full_Duplex_Master
RCC.UART7Freq_Value=54000000
PA10.Mode=OTG/Dual_Role_Device
ProjectManager.NoMain=false
SPI1.IPParameters=VirtualType,Mode,Direction,CalculateBaudRate
PG1.Signal=FMC_A11
NVIC.SavedSvcallIrqHandlerGenerated=true
PC11.Signal=SPI3_MISO
SH.FMC_SDCLK.ConfNb=1
PC8.Signal=DCMI_D2
PC4.Signal=FMC_SDNE0
PC10.Mode=Full_Duplex_Master
ProjectManager.DefaultFWLocation=true
PC2.Mode=Full_Duplex_Master
PD9.Signal=FMC_D14_DA14
ProjectManager.DeletePrevious=true
RCC.LCDTFToutputFreq_Value=48000000
RCC.FamilyName=M
USART1.VirtualMode-Asynchronous=VM_ASYNC
PA13.Signal=SYS_JTMS-SWDIO
PA9.Mode=Activate_VBUS
SH.FMC_A15_BA1.ConfNb=1
ProjectManager.TargetToolchain=STM32CubeIDE
SH.FMC_D13_DA13.0=FMC_D13,sd-16b-d1
SH.FMC_D1_DA1.ConfNb=1
PB9.Mode=I2C
PD13.Mode=I2C
SPI2.IPParameters=VirtualType,Mode,Direction,CalculateBaudRate
PF2.Signal=FMC_A2
ProjectManager.RegisterCallBack=
RCC.USBFreq_Value=48000000
RCC.PLLSAIoutputFreq_Value=96000000
PE11.Signal=FMC_D8_DA8
RCC.LSE_VALUE=32768
VP_FATFS_VS_Generic.Mode=User_defined
RCC.VCOI2SOutputFreq_Value=192000000
RCC.PLLSAIPCLKFreq_Value=96000000
board=custom
RCC.VCOOutputFreq_Value=432000000
PH0/OSC_IN.Signal=RCC_OSC_IN
NVIC.SavedSystickIrqHandlerGenerated=true
RCC.APB2Freq_Value=108000000
RCC.UART4Freq_Value=54000000
SPI3.CalculateBaudRate=27.0 MBits/s
MxCube.Version=6.2.1
SH.FMC_D13_DA13.ConfNb=1
VP_TIM2_VS_ClockSourceINT.Mode=Internal
PE5.Mode=Slave_8_bits_External_Synchro
SH.FMC_D12_DA12.0=FMC_D12,sd-16b-d1
PF15.Signal=FMC_A9
PF1.Signal=FMC_A1
PE6.Signal=DCMI_D7
SH.FMC_D11_DA11.ConfNb=1
RCC.UART5Freq_Value=54000000
RCC.IPParameters=AHBFreq_Value,APB1CLKDivider,APB1Freq_Value,APB1TimFreq_Value,APB2CLKDivider,APB2Freq_Value,APB2TimFreq_Value,CECFreq_Value,CortexFreq_Value,EthernetFreq_Value,FCLKCortexFreq_Value,FamilyName,HCLKFreq_Value,HSE_VALUE,HSI_VALUE,I2C1Freq_Value,I2C2Freq_Value,I2C3Freq_Value,I2C4Freq_Value,I2SFreq_Value,LCDTFToutputFreq_Value,LPTIM1Freq_Value,LSE_VALUE,LSI_VALUE,MCO2PinFreq_Value,PLLCLKFreq_Value,PLLI2SPCLKFreq_Value,PLLI2SQCLKFreq_Value,PLLI2SRCLKFreq_Value,PLLI2SRoutputFreq_Value,PLLM,PLLN,PLLQ,PLLQCLKFreq_Value,PLLQoutputFreq_Value,PLLSAIPCLKFreq_Value,PLLSAIQCLKFreq_Value,PLLSAIRCLKFreq_Value,PLLSAIoutputFreq_Value,RNGFreq_Value,SAI1Freq_Value,SAI2Freq_Value,SDMMCFreq_Value,SPDIFRXFreq_Value,SYSCLKFreq_VALUE,SYSCLKSource,UART4Freq_Value,UART5Freq_Value,UART7Freq_Value,UART8Freq_Value,USART1Freq_Value,USART2Freq_Value,USART3Freq_Value,USART6Freq_Value,USBFreq_Value,VCOI2SOutputFreq_Value,VCOInputFreq_Value,VCOOutputFreq_Value,VCOSAIOutputFreq_Value
ProjectManager.AskForMigrate=true
Mcu.Name=STM32F746ZGTx
PE12.Signal=FMC_D9_DA9
NVIC.SavedPendsvIrqHandlerGenerated=true
PA2.Signal=USART2_TX
Mcu.IP8=LIBJPEG
VP_FREERTOS_VS_CMSIS_V2.Signal=FREERTOS_VS_CMSIS_V2
Mcu.IP9=NVIC
PD14.Signal=FMC_D0_DA0
Mcu.IP6=I2C3
Mcu.IP7=I2C4
ProjectManager.CoupleFile=false
RCC.SYSCLKFreq_VALUE=216000000
PA12.Mode=OTG/Dual_Role_Device
KeepUserPlacement=false
PB2.Mode=Full_Duplex_Master
PB7.Mode=Asynchronous
PA14.Signal=SYS_JTCK-SWCLK
RCC.HSI_VALUE=16000000
RCC.PLLQ=9
RCC.PLLM=25
RCC.PLLN=432
PA2.Mode=Asynchronous
PB8.Signal=I2C1_SCL
PC9.Signal=I2C3_SDA
CORTEX_M7.CPU_DCache=Enabled
PC7.Mode=Slave_8_bits_External_Synchro
SH.FMC_D8_DA8.ConfNb=1
RCC.APB1Freq_Value=54000000
ProjectManager.DeviceId=STM32F746ZGTx
ProjectManager.LibraryCopy=1
I2C4.IPParameters=Timing
PA7.Signal=SPI1_MOSI
isbadioc=false
