#MicroXplorer Configuration settings - do not modify
File.Version=6
KeepUserPlacement=false
Mcu.Family=STM32F7
Mcu.IP0=CORTEX_M7
Mcu.IP1=LTDC
Mcu.IP2=NVIC
Mcu.IP3=RCC
Mcu.IP4=SYS
Mcu.IPNb=5
Mcu.Name=STM32F746NGHx
Mcu.Package=TFBGA216
Mcu.Pin0=PB8
Mcu.Pin1=PB9
Mcu.Pin10=PI10
Mcu.Pin11=PH15
Mcu.Pin12=PI1
Mcu.Pin13=PI9
Mcu.Pin14=PH13
Mcu.Pin15=PI0
Mcu.Pin16=PA8
Mcu.Pin17=PI14
Mcu.Pin18=PG6
Mcu.Pin19=PH9
Mcu.Pin2=PG11
Mcu.Pin20=VP_SYS_VS_Systick
Mcu.Pin3=PA12
Mcu.Pin4=PI4
Mcu.Pin5=PK7
Mcu.Pin6=PG10
Mcu.Pin7=PD3
Mcu.Pin8=PA11
Mcu.Pin9=PI5
Mcu.PinsNb=21
Mcu.ThirdPartyNb=0
Mcu.UserConstants=
Mcu.UserName=STM32F746NGHx
MxCube.Version=4.25.0
MxDb.Version=DB.4.0.250
NVIC.BusFault_IRQn=true\:0\:0\:false\:false\:true\:false
NVIC.DebugMonitor_IRQn=true\:0\:0\:false\:false\:true\:false
NVIC.HardFault_IRQn=true\:0\:0\:false\:false\:true\:false
NVIC.MemoryManagement_IRQn=true\:0\:0\:false\:false\:true\:false
NVIC.NonMaskableInt_IRQn=true\:0\:0\:false\:false\:true\:false
NVIC.PendSV_IRQn=true\:0\:0\:false\:false\:true\:false
NVIC.PriorityGroup=NVIC_PRIORITYGROUP_4
NVIC.SVCall_IRQn=true\:0\:0\:false\:false\:true\:false
NVIC.SysTick_IRQn=true\:0\:0\:false\:false\:true\:false
NVIC.UsageFault_IRQn=true\:0\:0\:false\:false\:true\:false
PA11.Mode=RGB565
PA11.Signal=LTDC_R4
PA12.Mode=RGB565
PA12.Signal=LTDC_R5
PA8.Mode=RGB565
PA8.Signal=LTDC_R6
PB8.Mode=RGB565
PB8.Signal=LTDC_B6
PB9.Mode=RGB565
PB9.Signal=LTDC_B7
PCC.Checker=false
PCC.Line=STM32F7x6
PCC.MCU=STM32F746NGHx
PCC.PartNumber=STM32F746NGHx
PCC.Seq0=0
PCC.Series=STM32F7
PCC.Temperature=25
PCC.Vdd=3.3
PD3.Mode=RGB565
PD3.Signal=LTDC_G7
PG10.Mode=RGB565
PG10.Signal=LTDC_G3
PG11.Mode=RGB565
PG11.Signal=LTDC_B3
PG6.Mode=RGB565
PG6.Signal=LTDC_R7
PH13.Mode=RGB565
PH13.Signal=LTDC_G2
PH15.Mode=RGB565
PH15.Signal=LTDC_G4
PH9.Mode=RGB565
PH9.Signal=LTDC_R3
PI0.Mode=RGB565
PI0.Signal=LTDC_G5
PI1.Mode=RGB565
PI1.Signal=LTDC_G6
PI10.Mode=RGB565
PI10.Signal=LTDC_HSYNC
PI14.Mode=RGB565
PI14.Signal=LTDC_CLK
PI4.Mode=RGB565
PI4.Signal=LTDC_B4
PI5.Mode=RGB565
PI5.Signal=LTDC_B5
PI9.Mode=RGB565
PI9.Signal=LTDC_VSYNC
PK7.Mode=RGB565
PK7.Signal=LTDC_DE
PinOutPanel.CurrentBGAView=Top
PinOutPanel.RotationAngle=0
RCC.CECFreq_Value=32786.88524590164
RCC.FamilyName=M
RCC.HSE_VALUE=25000000
RCC.HSI_VALUE=16000000
RCC.I2SFreq_Value=96000000
RCC.IPParameters=CECFreq_Value,FamilyName,HSE_VALUE,HSI_VALUE,I2SFreq_Value,LCDTFToutputFreq_Value,LSE_VALUE,LSI_VALUE,PLLCLKFreq_Value,PLLI2SPCLKFreq_Value,PLLI2SQCLKFreq_Value,PLLI2SRCLKFreq_Value,PLLQCLKFreq_Value,PLLSAIPCLKFreq_Value,PLLSAIQCLKFreq_Value,PLLSAIRCLKFreq_Value,PLLSAIoutputFreq_Value,RNGFreq_Value,SAI1Freq_Value,SAI2Freq_Value,SDMMCFreq_Value,SPDIFRXFreq_Value,USBFreq_Value,VCOI2SOutputFreq_Value,VCOInputFreq_Value,VCOOutputFreq_Value,VCOSAIOutputFreq_Value
RCC.LCDTFToutputFreq_Value=48000000
RCC.LSE_VALUE=32768
RCC.LSI_VALUE=32000
RCC.PLLCLKFreq_Value=96000000
RCC.PLLI2SPCLKFreq_Value=96000000
RCC.PLLI2SQCLKFreq_Value=96000000
RCC.PLLI2SRCLKFreq_Value=96000000
RCC.PLLQCLKFreq_Value=96000000
RCC.PLLSAIPCLKFreq_Value=96000000
RCC.PLLSAIQCLKFreq_Value=96000000
RCC.PLLSAIRCLKFreq_Value=96000000
RCC.PLLSAIoutputFreq_Value=96000000
RCC.RNGFreq_Value=96000000
RCC.SAI1Freq_Value=96000000
RCC.SAI2Freq_Value=96000000
RCC.SDMMCFreq_Value=16000000
RCC.SPDIFRXFreq_Value=96000000
RCC.USBFreq_Value=96000000
RCC.VCOI2SOutputFreq_Value=192000000
RCC.VCOInputFreq_Value=1000000
RCC.VCOOutputFreq_Value=192000000
RCC.VCOSAIOutputFreq_Value=192000000
VP_SYS_VS_Systick.Mode=SysTick
VP_SYS_VS_Systick.Signal=SYS_VS_Systick
